
Microsoft Visual Studio Solution File, Format Version 12.00
Project("{FAE04EC0-301F-11D3-BF4B-00C04F79EFBC}") = "Myob.Fma.AbcKata", "Myob.Fma.AbcKata\Myob.Fma.AbcKata.csproj", "{FF0B0172-16D4-4E7A-81D9-62CE18B3C703}"
EndProject
Project("{FAE04EC0-301F-11D3-BF4B-00C04F79EFBC}") = "Myob.Fma.Foundational", "Myob.Fma.Foundational\Myob.Fma.Foundational.csproj", "{AC97ECCD-9B50-423A-89D0-31C2D0F89B70}"
EndProject
Project("{FAE04EC0-301F-11D3-BF4B-00C04F79EFBC}") = "Myob.Fma.Practice", "Myob.Fma.Practice\Myob.Fma.Practice.csproj", "{ACD51816-D3D4-4974-93D7-F234EF407A38}"
EndProject
Project("{FAE04EC0-301F-11D3-BF4B-00C04F79EFBC}") = "Myob.Fma.ShoppingCart", "Myob.Fma.ShoppingCart\Myob.Fma.ShoppingCart.csproj", "{B0794A00-7BF1-4BB5-96CF-B467B244B84C}"
EndProject
Project("{FAE04EC0-301F-11D3-BF4B-00C04F79EFBC}") = "Myob.Fma.FizzBuzz", "Myob.Fma.FizzBuzz\Myob.Fma.FizzBuzz.csproj", "{872B34E0-EC50-45F8-BECE-789E8223AD92}"
EndProject
Project("{FAE04EC0-301F-11D3-BF4B-00C04F79EFBC}") = "Myob.Fma.MagicYear", "Myob.Fma.MagicYear\Myob.Fma.MagicYear.csproj", "{E5D797C2-DBCA-4188-B45C-1E8031A917E6}"
EndProject
Project("{FAE04EC0-301F-11D3-BF4B-00C04F79EFBC}") = "Myob.Fma.MagicYearTests", "Myob.Fma.MagicYearTests\Myob.Fma.MagicYearTests.csproj", "{5E2D5C21-0966-4C13-9615-E1F2344D8A9C}"
EndProject
Project("{FAE04EC0-301F-11D3-BF4B-00C04F79EFBC}") = "Myob.Fma.Blackjack", "Myob.Fma.Blackjack\Myob.Fma.Blackjack.csproj", "{572DF94B-E13A-4909-9F15-14B6AA2D6452}"
EndProject
Project("{FAE04EC0-301F-11D3-BF4B-00C04F79EFBC}") = "Myob.Fma.ShoppingBasket", "Myob.Fma.ShoppingBasket\Myob.Fma.ShoppingBasket.csproj", "{F3A192D6-DD39-4978-9C12-F92635EA020A}"
EndProject
Project("{FAE04EC0-301F-11D3-BF4B-00C04F79EFBC}") = "Myob.Fma.GameOfLife", "Myob.Fma.GameOfLife\Myob.Fma.GameOfLife.csproj", "{414ED349-E433-4172-86B3-FE28AA467A50}"
EndProject
Project("{FAE04EC0-301F-11D3-BF4B-00C04F79EFBC}") = "Myob.Fma.PetShop", "Myob.Fma.PetShop\Myob.Fma.PetShop.csproj", "{65F78171-AFB1-42E0-BE65-4B3B9AC40F2F}"
EndProject
Project("{FAE04EC0-301F-11D3-BF4B-00C04F79EFBC}") = "Myob.Fma.Payslip", "Myob.Fma.Payslip\Myob.Fma.Payslip.csproj", "{9500C9E5-4C44-4964-81FC-E22F6A245918}"
EndProject
Project("{FAE04EC0-301F-11D3-BF4B-00C04F79EFBC}") = "Myob.Fma.Mopping", "Myob.Fma.Mopping\Myob.Fma.Mopping.csproj", "{1A38A2FD-6071-462C-B9F6-C4CE64324D2E}"
EndProject
Project("{FAE04EC0-301F-11D3-BF4B-00C04F79EFBC}") = "Myob.Fma.Calculator", "Myob.Fma.Calculator\Myob.Fma.Calculator.csproj", "{AE26E933-2FA9-4E5E-A397-4EFCAEC958A2}"
EndProject
Project("{FAE04EC0-301F-11D3-BF4B-00C04F79EFBC}") = "Myob.Fma.Calculator.Tests", "Myob.Fma.Calculator.Tests\Myob.Fma.Calculator.Tests.csproj", "{1F71DBF3-57DD-4369-BA0C-23205529A375}"
EndProject
Project("{FAE04EC0-301F-11D3-BF4B-00C04F79EFBC}") = "Myob.Fma.StringCalculator", "Myob.Fma.StringCalculator\Myob.Fma.StringCalculator.csproj", "{CE95E645-A730-4765-B807-16D9F0E03AC1}"
EndProject
Project("{FAE04EC0-301F-11D3-BF4B-00C04F79EFBC}") = "Myob.Fma.StringCalculator.Tests", "Myob.Fma.StringCalculator.Tests\Myob.Fma.StringCalculator.Tests.csproj", "{1F13E26F-9068-4282-8D7D-211246FB23F7}"
EndProject
Project("{FAE04EC0-301F-11D3-BF4B-00C04F79EFBC}") = "Myob.Fma.CartExceptionsChallenge", "Myob.Fma.CartExceptionsChallenge\Myob.Fma.CartExceptionsChallenge.csproj", "{F5A3C920-3AB4-4A2E-83F3-2DFF90227DE7}"
EndProject
Project("{FAE04EC0-301F-11D3-BF4B-00C04F79EFBC}") = "Myob.Fma.CartExceptionChallenge.Tests", "Myob.Fma.CartExceptionChallenge.Tests\Myob.Fma.CartExceptionChallenge.Tests.csproj", "{5F8C8926-D1F7-4F94-8D8C-880F93980883}"
EndProject
Project("{FAE04EC0-301F-11D3-BF4B-00C04F79EFBC}") = "Myob.Fma.Yatzy.Tests", "Myob.Fma.Yatzy.Tests\Myob.Fma.Yatzy.Tests.csproj", "{02DA11BB-6DA6-45F9-AB25-8A96E813FA7A}"
EndProject
Project("{FAE04EC0-301F-11D3-BF4B-00C04F79EFBC}") = "Myob.Fma.Yatzy", "Myob.Fma.Yatzy\Myob.Fma.Yatzy.csproj", "{801F014C-94B4-47A6-A796-AA4CEA884614}"
EndProject
Project("{FAE04EC0-301F-11D3-BF4B-00C04F79EFBC}") = "Myob.Fma.MontyHall", "Myob.Fma.MontyHall\Myob.Fma.MontyHall.csproj", "{69EFE2C8-DA6D-4943-B6DA-8B1588103308}"
EndProject
Project("{FAE04EC0-301F-11D3-BF4B-00C04F79EFBC}") = "Myob.Fma.MontyHallTests", "Myob.Fma.MontyHallTests\Myob.Fma.MontyHallTests.csproj", "{E76D7530-4D02-4E8A-A248-3B7F30222B24}"
EndProject

Project("{FAE04EC0-301F-11D3-BF4B-00C04F79EFBC}") = "Myob.Fma.Composition", "Myob.Fma.Composition\Myob.Fma.Composition.csproj", "{F12D677A-EAEA-45AC-BD0A-02B76BC6E927}"
EndProject
Project("{FAE04EC0-301F-11D3-BF4B-00C04F79EFBC}") = "Myob.Fma.Composition.Tests", "Myob.Fma.Composition.Tests\Myob.Fma.Composition.Tests.csproj", "{93DB50CA-01FB-46CE-926C-239B60B57B85}"
EndProject
Project("{FAE04EC0-301F-11D3-BF4B-00C04F79EFBC}") = "Myob.Fma.RefactoringKata", "Myob.Fma.RefactoringKata\Myob.Fma.RefactoringKata.csproj", "{3B3B5F44-7C3C-44CE-8E47-711B2B51E348}"
Project("{FAE04EC0-301F-11D3-BF4B-00C04F79EFBC}") = "Myob.Fma.BookingLibrary", "Myob.Fma.BookingLibrary\Myob.Fma.BookingLibrary.csproj", "{868E85D3-33C9-4847-9558-CB23866725CC}"
EndProject
Project("{FAE04EC0-301F-11D3-BF4B-00C04F79EFBC}") = "Myob.Fma.BookingLibraryTests", "Myob.Fma.BookingLibraryTests\Myob.Fma.BookingLibraryTests.csproj", "{11A5A039-FDEE-4AA1-A684-48E23B347FE8}"
EndProject
Global
	GlobalSection(SolutionConfigurationPlatforms) = preSolution
		Debug|Any CPU = Debug|Any CPU
		Release|Any CPU = Release|Any CPU
	EndGlobalSection
	GlobalSection(ProjectConfigurationPlatforms) = postSolution
		{FF0B0172-16D4-4E7A-81D9-62CE18B3C703}.Debug|Any CPU.ActiveCfg = Debug|Any CPU
		{FF0B0172-16D4-4E7A-81D9-62CE18B3C703}.Debug|Any CPU.Build.0 = Debug|Any CPU
		{FF0B0172-16D4-4E7A-81D9-62CE18B3C703}.Release|Any CPU.ActiveCfg = Release|Any CPU
		{FF0B0172-16D4-4E7A-81D9-62CE18B3C703}.Release|Any CPU.Build.0 = Release|Any CPU
		{AC97ECCD-9B50-423A-89D0-31C2D0F89B70}.Debug|Any CPU.ActiveCfg = Debug|Any CPU
		{AC97ECCD-9B50-423A-89D0-31C2D0F89B70}.Debug|Any CPU.Build.0 = Debug|Any CPU
		{AC97ECCD-9B50-423A-89D0-31C2D0F89B70}.Release|Any CPU.ActiveCfg = Release|Any CPU
		{AC97ECCD-9B50-423A-89D0-31C2D0F89B70}.Release|Any CPU.Build.0 = Release|Any CPU
		{ACD51816-D3D4-4974-93D7-F234EF407A38}.Debug|Any CPU.ActiveCfg = Debug|Any CPU
		{ACD51816-D3D4-4974-93D7-F234EF407A38}.Debug|Any CPU.Build.0 = Debug|Any CPU
		{ACD51816-D3D4-4974-93D7-F234EF407A38}.Release|Any CPU.ActiveCfg = Release|Any CPU
		{ACD51816-D3D4-4974-93D7-F234EF407A38}.Release|Any CPU.Build.0 = Release|Any CPU
		{B0794A00-7BF1-4BB5-96CF-B467B244B84C}.Debug|Any CPU.ActiveCfg = Debug|Any CPU
		{B0794A00-7BF1-4BB5-96CF-B467B244B84C}.Debug|Any CPU.Build.0 = Debug|Any CPU
		{B0794A00-7BF1-4BB5-96CF-B467B244B84C}.Release|Any CPU.ActiveCfg = Release|Any CPU
		{B0794A00-7BF1-4BB5-96CF-B467B244B84C}.Release|Any CPU.Build.0 = Release|Any CPU
		{872B34E0-EC50-45F8-BECE-789E8223AD92}.Debug|Any CPU.ActiveCfg = Debug|Any CPU
		{872B34E0-EC50-45F8-BECE-789E8223AD92}.Debug|Any CPU.Build.0 = Debug|Any CPU
		{872B34E0-EC50-45F8-BECE-789E8223AD92}.Release|Any CPU.ActiveCfg = Release|Any CPU
		{872B34E0-EC50-45F8-BECE-789E8223AD92}.Release|Any CPU.Build.0 = Release|Any CPU
		{E5D797C2-DBCA-4188-B45C-1E8031A917E6}.Debug|Any CPU.ActiveCfg = Debug|Any CPU
		{E5D797C2-DBCA-4188-B45C-1E8031A917E6}.Debug|Any CPU.Build.0 = Debug|Any CPU
		{E5D797C2-DBCA-4188-B45C-1E8031A917E6}.Release|Any CPU.ActiveCfg = Release|Any CPU
		{E5D797C2-DBCA-4188-B45C-1E8031A917E6}.Release|Any CPU.Build.0 = Release|Any CPU
		{5E2D5C21-0966-4C13-9615-E1F2344D8A9C}.Debug|Any CPU.ActiveCfg = Debug|Any CPU
		{5E2D5C21-0966-4C13-9615-E1F2344D8A9C}.Debug|Any CPU.Build.0 = Debug|Any CPU
		{5E2D5C21-0966-4C13-9615-E1F2344D8A9C}.Release|Any CPU.ActiveCfg = Release|Any CPU
		{5E2D5C21-0966-4C13-9615-E1F2344D8A9C}.Release|Any CPU.Build.0 = Release|Any CPU
		{572DF94B-E13A-4909-9F15-14B6AA2D6452}.Debug|Any CPU.ActiveCfg = Debug|Any CPU
		{572DF94B-E13A-4909-9F15-14B6AA2D6452}.Debug|Any CPU.Build.0 = Debug|Any CPU
		{572DF94B-E13A-4909-9F15-14B6AA2D6452}.Release|Any CPU.ActiveCfg = Release|Any CPU
		{572DF94B-E13A-4909-9F15-14B6AA2D6452}.Release|Any CPU.Build.0 = Release|Any CPU
		{F3A192D6-DD39-4978-9C12-F92635EA020A}.Debug|Any CPU.ActiveCfg = Debug|Any CPU
		{F3A192D6-DD39-4978-9C12-F92635EA020A}.Debug|Any CPU.Build.0 = Debug|Any CPU
		{F3A192D6-DD39-4978-9C12-F92635EA020A}.Release|Any CPU.ActiveCfg = Release|Any CPU
		{F3A192D6-DD39-4978-9C12-F92635EA020A}.Release|Any CPU.Build.0 = Release|Any CPU
		{414ED349-E433-4172-86B3-FE28AA467A50}.Debug|Any CPU.ActiveCfg = Debug|Any CPU
		{414ED349-E433-4172-86B3-FE28AA467A50}.Debug|Any CPU.Build.0 = Debug|Any CPU
		{414ED349-E433-4172-86B3-FE28AA467A50}.Release|Any CPU.ActiveCfg = Release|Any CPU
		{414ED349-E433-4172-86B3-FE28AA467A50}.Release|Any CPU.Build.0 = Release|Any CPU
		{65F78171-AFB1-42E0-BE65-4B3B9AC40F2F}.Debug|Any CPU.ActiveCfg = Debug|Any CPU
		{65F78171-AFB1-42E0-BE65-4B3B9AC40F2F}.Debug|Any CPU.Build.0 = Debug|Any CPU
		{65F78171-AFB1-42E0-BE65-4B3B9AC40F2F}.Release|Any CPU.ActiveCfg = Release|Any CPU
		{65F78171-AFB1-42E0-BE65-4B3B9AC40F2F}.Release|Any CPU.Build.0 = Release|Any CPU
		{9500C9E5-4C44-4964-81FC-E22F6A245918}.Debug|Any CPU.ActiveCfg = Debug|Any CPU
		{9500C9E5-4C44-4964-81FC-E22F6A245918}.Debug|Any CPU.Build.0 = Debug|Any CPU
		{9500C9E5-4C44-4964-81FC-E22F6A245918}.Release|Any CPU.ActiveCfg = Release|Any CPU
		{9500C9E5-4C44-4964-81FC-E22F6A245918}.Release|Any CPU.Build.0 = Release|Any CPU
		{1A38A2FD-6071-462C-B9F6-C4CE64324D2E}.Debug|Any CPU.ActiveCfg = Debug|Any CPU
		{1A38A2FD-6071-462C-B9F6-C4CE64324D2E}.Debug|Any CPU.Build.0 = Debug|Any CPU
		{1A38A2FD-6071-462C-B9F6-C4CE64324D2E}.Release|Any CPU.ActiveCfg = Release|Any CPU
		{1A38A2FD-6071-462C-B9F6-C4CE64324D2E}.Release|Any CPU.Build.0 = Release|Any CPU
		{AE26E933-2FA9-4E5E-A397-4EFCAEC958A2}.Debug|Any CPU.ActiveCfg = Debug|Any CPU
		{AE26E933-2FA9-4E5E-A397-4EFCAEC958A2}.Debug|Any CPU.Build.0 = Debug|Any CPU
		{AE26E933-2FA9-4E5E-A397-4EFCAEC958A2}.Release|Any CPU.ActiveCfg = Release|Any CPU
		{AE26E933-2FA9-4E5E-A397-4EFCAEC958A2}.Release|Any CPU.Build.0 = Release|Any CPU
		{1F71DBF3-57DD-4369-BA0C-23205529A375}.Debug|Any CPU.ActiveCfg = Debug|Any CPU
		{1F71DBF3-57DD-4369-BA0C-23205529A375}.Debug|Any CPU.Build.0 = Debug|Any CPU
		{1F71DBF3-57DD-4369-BA0C-23205529A375}.Release|Any CPU.ActiveCfg = Release|Any CPU
		{1F71DBF3-57DD-4369-BA0C-23205529A375}.Release|Any CPU.Build.0 = Release|Any CPU
		{CE95E645-A730-4765-B807-16D9F0E03AC1}.Debug|Any CPU.ActiveCfg = Debug|Any CPU
		{CE95E645-A730-4765-B807-16D9F0E03AC1}.Debug|Any CPU.Build.0 = Debug|Any CPU
		{CE95E645-A730-4765-B807-16D9F0E03AC1}.Release|Any CPU.ActiveCfg = Release|Any CPU
		{CE95E645-A730-4765-B807-16D9F0E03AC1}.Release|Any CPU.Build.0 = Release|Any CPU
		{1F13E26F-9068-4282-8D7D-211246FB23F7}.Debug|Any CPU.ActiveCfg = Debug|Any CPU
		{1F13E26F-9068-4282-8D7D-211246FB23F7}.Debug|Any CPU.Build.0 = Debug|Any CPU
		{1F13E26F-9068-4282-8D7D-211246FB23F7}.Release|Any CPU.ActiveCfg = Release|Any CPU
		{1F13E26F-9068-4282-8D7D-211246FB23F7}.Release|Any CPU.Build.0 = Release|Any CPU
		{F5A3C920-3AB4-4A2E-83F3-2DFF90227DE7}.Debug|Any CPU.ActiveCfg = Debug|Any CPU
		{F5A3C920-3AB4-4A2E-83F3-2DFF90227DE7}.Debug|Any CPU.Build.0 = Debug|Any CPU
		{F5A3C920-3AB4-4A2E-83F3-2DFF90227DE7}.Release|Any CPU.ActiveCfg = Release|Any CPU
		{F5A3C920-3AB4-4A2E-83F3-2DFF90227DE7}.Release|Any CPU.Build.0 = Release|Any CPU
		{5F8C8926-D1F7-4F94-8D8C-880F93980883}.Debug|Any CPU.ActiveCfg = Debug|Any CPU
		{5F8C8926-D1F7-4F94-8D8C-880F93980883}.Debug|Any CPU.Build.0 = Debug|Any CPU
		{5F8C8926-D1F7-4F94-8D8C-880F93980883}.Release|Any CPU.ActiveCfg = Release|Any CPU
		{5F8C8926-D1F7-4F94-8D8C-880F93980883}.Release|Any CPU.Build.0 = Release|Any CPU
		{02DA11BB-6DA6-45F9-AB25-8A96E813FA7A}.Debug|Any CPU.ActiveCfg = Debug|Any CPU
		{02DA11BB-6DA6-45F9-AB25-8A96E813FA7A}.Debug|Any CPU.Build.0 = Debug|Any CPU
		{02DA11BB-6DA6-45F9-AB25-8A96E813FA7A}.Release|Any CPU.ActiveCfg = Release|Any CPU
		{02DA11BB-6DA6-45F9-AB25-8A96E813FA7A}.Release|Any CPU.Build.0 = Release|Any CPU
		{801F014C-94B4-47A6-A796-AA4CEA884614}.Debug|Any CPU.ActiveCfg = Debug|Any CPU
		{801F014C-94B4-47A6-A796-AA4CEA884614}.Debug|Any CPU.Build.0 = Debug|Any CPU
		{801F014C-94B4-47A6-A796-AA4CEA884614}.Release|Any CPU.ActiveCfg = Release|Any CPU
		{801F014C-94B4-47A6-A796-AA4CEA884614}.Release|Any CPU.Build.0 = Release|Any CPU
		{69EFE2C8-DA6D-4943-B6DA-8B1588103308}.Debug|Any CPU.ActiveCfg = Debug|Any CPU
		{69EFE2C8-DA6D-4943-B6DA-8B1588103308}.Debug|Any CPU.Build.0 = Debug|Any CPU
		{69EFE2C8-DA6D-4943-B6DA-8B1588103308}.Release|Any CPU.ActiveCfg = Release|Any CPU
		{69EFE2C8-DA6D-4943-B6DA-8B1588103308}.Release|Any CPU.Build.0 = Release|Any CPU
		{E76D7530-4D02-4E8A-A248-3B7F30222B24}.Debug|Any CPU.ActiveCfg = Debug|Any CPU
		{E76D7530-4D02-4E8A-A248-3B7F30222B24}.Debug|Any CPU.Build.0 = Debug|Any CPU
		{E76D7530-4D02-4E8A-A248-3B7F30222B24}.Release|Any CPU.ActiveCfg = Release|Any CPU
		{E76D7530-4D02-4E8A-A248-3B7F30222B24}.Release|Any CPU.Build.0 = Release|Any CPU

		{F12D677A-EAEA-45AC-BD0A-02B76BC6E927}.Debug|Any CPU.ActiveCfg = Debug|Any CPU
		{F12D677A-EAEA-45AC-BD0A-02B76BC6E927}.Debug|Any CPU.Build.0 = Debug|Any CPU
		{F12D677A-EAEA-45AC-BD0A-02B76BC6E927}.Release|Any CPU.ActiveCfg = Release|Any CPU
		{F12D677A-EAEA-45AC-BD0A-02B76BC6E927}.Release|Any CPU.Build.0 = Release|Any CPU
		{93DB50CA-01FB-46CE-926C-239B60B57B85}.Debug|Any CPU.ActiveCfg = Debug|Any CPU
		{93DB50CA-01FB-46CE-926C-239B60B57B85}.Debug|Any CPU.Build.0 = Debug|Any CPU
		{93DB50CA-01FB-46CE-926C-239B60B57B85}.Release|Any CPU.ActiveCfg = Release|Any CPU
		{93DB50CA-01FB-46CE-926C-239B60B57B85}.Release|Any CPU.Build.0 = Release|Any CPU


		{868E85D3-33C9-4847-9558-CB23866725CC}.Debug|Any CPU.ActiveCfg = Debug|Any CPU
		{868E85D3-33C9-4847-9558-CB23866725CC}.Debug|Any CPU.Build.0 = Debug|Any CPU
		{868E85D3-33C9-4847-9558-CB23866725CC}.Release|Any CPU.ActiveCfg = Release|Any CPU
		{868E85D3-33C9-4847-9558-CB23866725CC}.Release|Any CPU.Build.0 = Release|Any CPU
		{11A5A039-FDEE-4AA1-A684-48E23B347FE8}.Debug|Any CPU.ActiveCfg = Debug|Any CPU
		{11A5A039-FDEE-4AA1-A684-48E23B347FE8}.Debug|Any CPU.Build.0 = Debug|Any CPU
		{11A5A039-FDEE-4AA1-A684-48E23B347FE8}.Release|Any CPU.ActiveCfg = Release|Any CPU
		{11A5A039-FDEE-4AA1-A684-48E23B347FE8}.Release|Any CPU.Build.0 = Release|Any CPU
	EndGlobalSection
EndGlobal
